// !$*UTF8*$!
{
	archiveVersion = 1;
	classes = {
	};
	objectVersion = 46;
	objects = {

/* Begin PBXBuildFile section */
		0E76D6270703AB7EC018A958 /* Cocoa.framework */ = {isa = PBXBuildFile; fileRef = 879871AF79B6C6F4679999AC; };
		234C21E6B22872A30248C0F7 /* App */ = {isa = PBXBuildFile; fileRef = 963C5C4546BFA8CA53CA328F; };
		36E8DA92A4BC884ACF2371FE /* QuartzCore.framework */ = {isa = PBXBuildFile; fileRef = 909B812BD383D876EF7AF65A; };
		3F4D7E06DAD59A0C4BFDFDD3 /* include_juce_events.mm */ = {isa = PBXBuildFile; fileRef = F9E39210B2565882180C6A8E; };
		57DCC4B4C6E0FB45C1B9389B /* include_juce_core.mm */ = {isa = PBXBuildFile; fileRef = 961F22952D5DE4849B1915F1; };
		62BF20E6AAD6F9B1EA6FAF5F /* Carbon.framework */ = {isa = PBXBuildFile; fileRef = C4519C089F2A645C8FAA4B70; };
		77709C4E25FD448D4FC21005 /* RecentFilesMenuTemplate.nib */ = {isa = PBXBuildFile; fileRef = D2AA19E2072D7BD290B1B17A; };
		77998F726BE019ED0692FCC1 /* Foundation.framework */ = {isa = PBXBuildFile; fileRef = 96E1AF938ABBEC76111F7E02; };
		98A88AD5135562D205097111 /* include_juce_data_structures.mm */ = {isa = PBXBuildFile; fileRef = C82133C556EFF6D302616C8C; };
		B1F710318877E66FE9112CD3 /* Main.cpp */ = {isa = PBXBuildFile; fileRef = 8C79F5F8CFE5D292347A6650; };
		D30B919EEBE0BA9FD82E3916 /* IOKit.framework */ = {isa = PBXBuildFile; fileRef = 64563A538DF47ADFF7E67101; };
		E1FBBD6F9092D1F09CD1D271 /* include_juce_gui_basics.mm */ = {isa = PBXBuildFile; fileRef = 68C4D3AA2CF48D85AA873F0F; };
		E6C1D6C6703D9D86F9F7D737 /* include_juce_graphics.mm */ = {isa = PBXBuildFile; fileRef = F8006C77C5C566730133471F; };
/* End PBXBuildFile section */

/* Begin PBXFileReference section */
		39325128677D9B524F1F5632 /* HelloWorldDemo.h */ /* HelloWorldDemo.h */ = {isa = PBXFileReference; lastKnownFileType = sourcecode.c.h; name = HelloWorldDemo.h; path = ../../Source/HelloWorldDemo.h; sourceTree = SOURCE_ROOT; };
		3A580DA14D480F9C3593F0CA /* Info-App.plist */ /* Info-App.plist */ = {isa = PBXFileReference; lastKnownFileType = text.plist.xml; name = "Info-App.plist"; path = "Info-App.plist"; sourceTree = SOURCE_ROOT; };
		5691BB4FBC11EC71B19E9CDE /* juce_core */ /* juce_core */ = {isa = PBXFileReference; lastKnownFileType = folder; name = juce_core; path = "~/JUCE/modules/juce_core"; sourceTree = "<absolute>"; };
		64563A538DF47ADFF7E67101 /* IOKit.framework */ /* IOKit.framework */ = {isa = PBXFileReference; lastKnownFileType = wrapper.framework; name = IOKit.framework; path = System/Library/Frameworks/IOKit.framework; sourceTree = SDKROOT; };
		68A439BBAE968BD042345795 /* juce_data_structures */ /* juce_data_structures */ = {isa = PBXFileReference; lastKnownFileType = folder; name = juce_data_structures; path = "~/JUCE/modules/juce_data_structures"; sourceTree = "<absolute>"; };
		68C4D3AA2CF48D85AA873F0F /* include_juce_gui_basics.mm */ /* include_juce_gui_basics.mm */ = {isa = PBXFileReference; lastKnownFileType = sourcecode.cpp.objcpp; name = include_juce_gui_basics.mm; path = ../../JuceLibraryCode/include_juce_gui_basics.mm; sourceTree = SOURCE_ROOT; };
		6DA33E709D68999E20EF0663 /* JuceHeader.h */ /* JuceHeader.h */ = {isa = PBXFileReference; lastKnownFileType = sourcecode.c.h; name = JuceHeader.h; path = ../../JuceLibraryCode/JuceHeader.h; sourceTree = SOURCE_ROOT; };
		879871AF79B6C6F4679999AC /* Cocoa.framework */ /* Cocoa.framework */ = {isa = PBXFileReference; lastKnownFileType = wrapper.framework; name = Cocoa.framework; path = System/Library/Frameworks/Cocoa.framework; sourceTree = SDKROOT; };
		87C043705031EEF5CF19165B /* juce_graphics */ /* juce_graphics */ = {isa = PBXFileReference; lastKnownFileType = folder; name = juce_graphics; path = "~/JUCE/modules/juce_graphics"; sourceTree = "<absolute>"; };
		885E077DA2F2FF9589192819 /* juce_gui_basics */ /* juce_gui_basics */ = {isa = PBXFileReference; lastKnownFileType = folder; name = juce_gui_basics; path = "~/JUCE/modules/juce_gui_basics"; sourceTree = "<absolute>"; };
		8C79F5F8CFE5D292347A6650 /* Main.cpp */ /* Main.cpp */ = {isa = PBXFileReference; lastKnownFileType = sourcecode.cpp.cpp; name = Main.cpp; path = ../../Source/Main.cpp; sourceTree = SOURCE_ROOT; };
		909B812BD383D876EF7AF65A /* QuartzCore.framework */ /* QuartzCore.framework */ = {isa = PBXFileReference; lastKnownFileType = wrapper.framework; name = QuartzCore.framework; path = System/Library/Frameworks/QuartzCore.framework; sourceTree = SDKROOT; };
		961F22952D5DE4849B1915F1 /* include_juce_core.mm */ /* include_juce_core.mm */ = {isa = PBXFileReference; lastKnownFileType = sourcecode.cpp.objcpp; name = include_juce_core.mm; path = ../../JuceLibraryCode/include_juce_core.mm; sourceTree = SOURCE_ROOT; };
		963C5C4546BFA8CA53CA328F /* App */ = {isa = PBXFileReference; explicitFileType = wrapper.application; includeInIndex = 0; path = HelloWorldDemo.app; sourceTree = BUILT_PRODUCTS_DIR; };
		96E1AF938ABBEC76111F7E02 /* Foundation.framework */ /* Foundation.framework */ = {isa = PBXFileReference; lastKnownFileType = wrapper.framework; name = Foundation.framework; path = System/Library/Frameworks/Foundation.framework; sourceTree = SDKROOT; };
		9ACCB151F332DA18869CF5F9 /* juce_events */ /* juce_events */ = {isa = PBXFileReference; lastKnownFileType = folder; name = juce_events; path = "~/JUCE/modules/juce_events"; sourceTree = "<absolute>"; };
		C4519C089F2A645C8FAA4B70 /* Carbon.framework */ /* Carbon.framework */ = {isa = PBXFileReference; lastKnownFileType = wrapper.framework; name = Carbon.framework; path = System/Library/Frameworks/Carbon.framework; sourceTree = SDKROOT; };
		C82133C556EFF6D302616C8C /* include_juce_data_structures.mm */ /* include_juce_data_structures.mm */ = {isa = PBXFileReference; lastKnownFileType = sourcecode.cpp.objcpp; name = include_juce_data_structures.mm; path = ../../JuceLibraryCode/include_juce_data_structures.mm; sourceTree = SOURCE_ROOT; };
		D2AA19E2072D7BD290B1B17A /* RecentFilesMenuTemplate.nib */ /* RecentFilesMenuTemplate.nib */ = {isa = PBXFileReference; lastKnownFileType = file.nib; name = RecentFilesMenuTemplate.nib; path = RecentFilesMenuTemplate.nib; sourceTree = SOURCE_ROOT; };
		F8006C77C5C566730133471F /* include_juce_graphics.mm */ /* include_juce_graphics.mm */ = {isa = PBXFileReference; lastKnownFileType = sourcecode.cpp.objcpp; name = include_juce_graphics.mm; path = ../../JuceLibraryCode/include_juce_graphics.mm; sourceTree = SOURCE_ROOT; };
		F9E39210B2565882180C6A8E /* include_juce_events.mm */ /* include_juce_events.mm */ = {isa = PBXFileReference; lastKnownFileType = sourcecode.cpp.objcpp; name = include_juce_events.mm; path = ../../JuceLibraryCode/include_juce_events.mm; sourceTree = SOURCE_ROOT; };
/* End PBXFileReference section */

/* Begin PBXFrameworksBuildPhase section */
		AA6D6C108C2EA2D0706F2F72 = {
			isa = PBXFrameworksBuildPhase;
			buildActionMask = 2147483647;
			files = (
				62BF20E6AAD6F9B1EA6FAF5F,
				0E76D6270703AB7EC018A958,
				77998F726BE019ED0692FCC1,
				D30B919EEBE0BA9FD82E3916,
				36E8DA92A4BC884ACF2371FE,
			);
			runOnlyForDeploymentPostprocessing = 0;
		};
/* End PBXFrameworksBuildPhase section */

/* Begin PBXGroup section */
		2F18A0E75C4D2B8EDE166D63 /* JUCE Library Code */ = {
			isa = PBXGroup;
			children = (
				961F22952D5DE4849B1915F1,
				C82133C556EFF6D302616C8C,
				F9E39210B2565882180C6A8E,
				F8006C77C5C566730133471F,
				68C4D3AA2CF48D85AA873F0F,
				6DA33E709D68999E20EF0663,
			);
			name = "JUCE Library Code";
			sourceTree = "<group>";
		};
		4E8DD68BE018E3DB20F1C1ED /* Source */ = {
			isa = PBXGroup;
			children = (
				8C79F5F8CFE5D292347A6650,
				39325128677D9B524F1F5632,
			);
			name = Source;
			sourceTree = "<group>";
		};
		57FC540F8C00E11A30D652DD /* Resources */ = {
			isa = PBXGroup;
			children = (
				3A580DA14D480F9C3593F0CA,
				D2AA19E2072D7BD290B1B17A,
			);
			name = Resources;
			sourceTree = "<group>";
		};
		63127CF276CD68DC97E8BE0C /* Source */ = {
			isa = PBXGroup;
			children = (
				85696148ADACBDE8DA3F7D79,
				A6746A43A2CC9BDC195EB72D,
				2F18A0E75C4D2B8EDE166D63,
				57FC540F8C00E11A30D652DD,
				A73A7D38125049A5050F3A1C,
				7BB9F105EA86E14007A09891,
			);
			name = Source;
			sourceTree = "<group>";
		};
		7BB9F105EA86E14007A09891 /* Products */ = {
			isa = PBXGroup;
			children = (
				963C5C4546BFA8CA53CA328F,
			);
			name = Products;
			sourceTree = "<group>";
		};
		85696148ADACBDE8DA3F7D79 /* HelloWorldDemo */ = {
			isa = PBXGroup;
			children = (
				4E8DD68BE018E3DB20F1C1ED,
			);
			name = HelloWorldDemo;
			sourceTree = "<group>";
		};
		A6746A43A2CC9BDC195EB72D /* JUCE Modules */ = {
			isa = PBXGroup;
			children = (
				5691BB4FBC11EC71B19E9CDE,
				68A439BBAE968BD042345795,
				9ACCB151F332DA18869CF5F9,
				87C043705031EEF5CF19165B,
				885E077DA2F2FF9589192819,
			);
			name = "JUCE Modules";
			sourceTree = "<group>";
		};
		A73A7D38125049A5050F3A1C /* Frameworks */ = {
			isa = PBXGroup;
			children = (
				C4519C089F2A645C8FAA4B70,
				879871AF79B6C6F4679999AC,
				96E1AF938ABBEC76111F7E02,
				64563A538DF47ADFF7E67101,
				909B812BD383D876EF7AF65A,
			);
			name = Frameworks;
			sourceTree = "<group>";
		};
/* End PBXGroup section */

/* Begin PBXNativeTarget section */
		41D32A2D02C55EA6E6D2863B /* HelloWorldDemo - App */ = {
			isa = PBXNativeTarget;
			buildConfigurationList = 649CC83E1E2A2EB258FE8599;
			buildPhases = (
				59D399968F783C252F767065,
				94DC41A7D5A3F1D8EFE83BDA,
				AA6D6C108C2EA2D0706F2F72,
			);
			buildRules = (
			);
			dependencies = (
			);
			name = "HelloWorldDemo - App";
			productName = HelloWorldDemo;
			productReference = 963C5C4546BFA8CA53CA328F;
			productType = "com.apple.product-type.application";
		};
/* End PBXNativeTarget section */

/* Begin PBXProject section */
		4BD4189FEC62010724BAFD51 = {
			isa = PBXProject;
			attributes = {
				LastUpgradeCheck = 1300;
				ORGANIZATIONNAME = "JUCE";
				TargetAttributes = {
					41D32A2D02C55EA6E6D2863B = {
						SystemCapabilities = {
							com.apple.ApplicationGroups.iOS = {
								enabled = 0;
							};
							com.apple.HardenedRuntime = {
								enabled = 0;
							};
							com.apple.InAppPurchase = {
								enabled = 0;
							};
							com.apple.InterAppAudio = {
								enabled = 0;
							};
							com.apple.Push = {
								enabled = 0;
							};
							com.apple.Sandbox = {
								enabled = 0;
							};
						};
					};
				};
			};
			buildConfigurationList = 576A8E424F3FDA20364BE8FF;
			compatibilityVersion = "Xcode 3.2";
			hasScannedForEncodings = 0;
			knownRegions = (
				en,
				Base,
			);
			mainGroup = 63127CF276CD68DC97E8BE0C;
			projectDirPath = "";
			projectRoot = "";
			targets = (
				41D32A2D02C55EA6E6D2863B,
			);
		};
/* End PBXProject section */

/* Begin PBXResourcesBuildPhase section */
		59D399968F783C252F767065 = {
			isa = PBXResourcesBuildPhase;
			buildActionMask = 2147483647;
			files = (
				77709C4E25FD448D4FC21005,
			);
			runOnlyForDeploymentPostprocessing = 0;
		};
/* End PBXResourcesBuildPhase section */

/* Begin PBXSourcesBuildPhase section */
		94DC41A7D5A3F1D8EFE83BDA = {
			isa = PBXSourcesBuildPhase;
			buildActionMask = 2147483647;
			files = (
				B1F710318877E66FE9112CD3,
				57DCC4B4C6E0FB45C1B9389B,
				98A88AD5135562D205097111,
				3F4D7E06DAD59A0C4BFDFDD3,
				E6C1D6C6703D9D86F9F7D737,
				E1FBBD6F9092D1F09CD1D271,
			);
			runOnlyForDeploymentPostprocessing = 0;
		};
/* End PBXSourcesBuildPhase section */

/* Begin XCBuildConfiguration section */
		32163F7AD752B45943F132E1 /* Release */ = {
			isa = XCBuildConfiguration;
			buildSettings = {
				ALWAYS_SEARCH_USER_PATHS = NO;
				CLANG_ENABLE_OBJC_WEAK = YES;
				CLANG_WARN_BLOCK_CAPTURE_AUTORELEASING = YES;
				CLANG_WARN_BOOL_CONVERSION = YES;
				CLANG_WARN_COMMA = YES;
				CLANG_WARN_CONSTANT_CONVERSION = YES;
				CLANG_WARN_DEPRECATED_OBJC_IMPLEMENTATIONS = YES;
				CLANG_WARN_EMPTY_BODY = YES;
				CLANG_WARN_ENUM_CONVERSION = YES;
				CLANG_WARN_INFINITE_RECURSION = YES;
				CLANG_WARN_INT_CONVERSION = YES;
				CLANG_WARN_NON_LITERAL_NULL_CONVERSION = YES;
				CLANG_WARN_OBJC_IMPLICIT_RETAIN_SELF = YES;
				CLANG_WARN_OBJC_LITERAL_CONVERSION = YES;
				CLANG_WARN_RANGE_LOOP_ANALYSIS = YES;
				CLANG_WARN_STRICT_PROTOTYPES = YES;
				CLANG_WARN_SUSPICIOUS_MOVE = YES;
				CLANG_WARN_UNREACHABLE_CODE = YES;
				CLANG_WARN__DUPLICATE_METHOD_MATCH = YES;
				CODE_SIGN_IDENTITY = "";
				DEBUG_INFORMATION_FORMAT = dwarf;
				ENABLE_STRICT_OBJC_MSGSEND = YES;
				ENABLE_TESTABILITY = NO;
				GCC_C_LANGUAGE_STANDARD = c11;
				GCC_INLINES_ARE_PRIVATE_EXTERN = YES;
				GCC_MODEL_TUNING = G5;
				GCC_NO_COMMON_BLOCKS = YES;
				GCC_SYMBOLS_PRIVATE_EXTERN = YES;
				GCC_WARN_64_TO_32_BIT_CONVERSION = YES;
				GCC_WARN_ABOUT_RETURN_TYPE = YES;
				GCC_WARN_CHECK_SWITCH_STATEMENTS = YES;
				GCC_WARN_MISSING_PARENTHESES = YES;
				GCC_WARN_NON_VIRTUAL_DESTRUCTOR = YES;
				GCC_WARN_TYPECHECK_CALLS_TO_PRINTF = YES;
				GCC_WARN_UNDECLARED_SELECTOR = YES;
				GCC_WARN_UNINITIALIZED_AUTOS = YES;
				GCC_WARN_UNUSED_FUNCTION = YES;
				GCC_WARN_UNUSED_VARIABLE = YES;
				PRODUCT_NAME = "HelloWorldDemo";
				SDKROOT = macosx;
				WARNING_CFLAGS = "-Wreorder";
				ZERO_LINK = NO;
			};
			name = Release;
		};
		48BAC33F2F8FABF83CFBA6D8 /* Release */ = {
			isa = XCBuildConfiguration;
			buildSettings = {
				CLANG_CXX_LANGUAGE_STANDARD = "c++14";
				CLANG_CXX_LIBRARY = "libc++";
				CLANG_LINK_OBJC_RUNTIME = NO;
				CODE_SIGN_IDENTITY = "";
				COMBINE_HIDPI_IMAGES = YES;
				CONFIGURATION_BUILD_DIR = "$(PROJECT_DIR)/build/$(CONFIGURATION)";
				DEAD_CODE_STRIPPING = YES;
				GCC_GENERATE_DEBUGGING_SYMBOLS = NO;
				GCC_OPTIMIZATION_LEVEL = 3;
				GCC_PREPROCESSOR_DEFINITIONS = (
					"_NDEBUG=1",
					"NDEBUG=1",
					"JUCE_DISPLAY_SPLASH_SCREEN=1",
					"JUCE_USE_DARK_SPLASH_SCREEN=1",
					"JUCE_PROJUCER_VERSION=0x60102",
					"JUCE_MODULE_AVAILABLE_juce_core=1",
					"JUCE_MODULE_AVAILABLE_juce_data_structures=1",
					"JUCE_MODULE_AVAILABLE_juce_events=1",
					"JUCE_MODULE_AVAILABLE_juce_graphics=1",
					"JUCE_MODULE_AVAILABLE_juce_gui_basics=1",
					"JUCE_GLOBAL_MODULE_SETTINGS_INCLUDED=1",
					"JUCE_STRICT_REFCOUNTEDPOINTER=1",
					"JUCE_STANDALONE_APPLICATION=1",
					"PIP_JUCE_EXAMPLES_DIRECTORY=QzpcVXNlcnNcQnJ1bm9cRGVza3RvcFxDIG8gcyBhIHNcSlVDRVxleGFtcGxlcw==",
					"JUCER_XCODE_MAC_F6D2F4CF=1",
					"JUCE_APP_VERSION=1.0.0",
					"JUCE_APP_VERSION_HEX=0x10000",
					"JucePlugin_Build_VST=0",
					"JucePlugin_Build_VST3=0",
					"JucePlugin_Build_AU=0",
					"JucePlugin_Build_AUv3=0",
					"JucePlugin_Build_RTAS=0",
					"JucePlugin_Build_AAX=0",
					"JucePlugin_Build_Standalone=0",
					"JucePlugin_Build_Unity=0",
				);
				GCC_VERSION = com.apple.compilers.llvm.clang.1_0;
				HEADER_SEARCH_PATHS = (
					"$(SRCROOT)/../../JuceLibraryCode",
					"$(HOME)/JUCE/modules",
					"$(inherited)",
				);
				INFOPLIST_FILE = Info-App.plist;
				INFOPLIST_PREPROCESS = NO;
				INSTALL_PATH = "$(HOME)/Applications";
				LLVM_LTO = YES;
				MACOSX_DEPLOYMENT_TARGET = 10.11;
				MTL_HEADER_SEARCH_PATHS = "$(SRCROOT)/../../JuceLibraryCode $(HOME)/JUCE/modules";
				PRODUCT_BUNDLE_IDENTIFIER = com.JUCE.HelloWorldDemo;
				PRODUCT_NAME = "HelloWorldDemo";
				USE_HEADERMAP = NO;
				VALID_ARCHS = "i386 x86_64 arm64 arm64e";
			};
			name = Release;
		};
		C1AC9976F68BB8D15510DDCB /* Debug */ = {
			isa = XCBuildConfiguration;
			buildSettings = {
				CLANG_CXX_LANGUAGE_STANDARD = "c++14";
				CLANG_CXX_LIBRARY = "libc++";
				CLANG_LINK_OBJC_RUNTIME = NO;
				CODE_SIGN_IDENTITY = "";
				COMBINE_HIDPI_IMAGES = YES;
				CONFIGURATION_BUILD_DIR = "$(PROJECT_DIR)/build/$(CONFIGURATION)";
				COPY_PHASE_STRIP = NO;
				GCC_DYNAMIC_NO_PIC = NO;
				GCC_OPTIMIZATION_LEVEL = 0;
				GCC_PREPROCESSOR_DEFINITIONS = (
					"_DEBUG=1",
					"DEBUG=1",
					"JUCE_DISPLAY_SPLASH_SCREEN=1",
					"JUCE_USE_DARK_SPLASH_SCREEN=1",
					"JUCE_PROJUCER_VERSION=0x60102",
					"JUCE_MODULE_AVAILABLE_juce_core=1",
					"JUCE_MODULE_AVAILABLE_juce_data_structures=1",
					"JUCE_MODULE_AVAILABLE_juce_events=1",
					"JUCE_MODULE_AVAILABLE_juce_graphics=1",
					"JUCE_MODULE_AVAILABLE_juce_gui_basics=1",
					"JUCE_GLOBAL_MODULE_SETTINGS_INCLUDED=1",
					"JUCE_STRICT_REFCOUNTEDPOINTER=1",
					"JUCE_STANDALONE_APPLICATION=1",
					"PIP_JUCE_EXAMPLES_DIRECTORY=QzpcVXNlcnNcQnJ1bm9cRGVza3RvcFxDIG8gcyBhIHNcSlVDRVxleGFtcGxlcw==",
					"JUCER_XCODE_MAC_F6D2F4CF=1",
					"JUCE_APP_VERSION=1.0.0",
					"JUCE_APP_VERSION_HEX=0x10000",
					"JucePlugin_Build_VST=0",
					"JucePlugin_Build_VST3=0",
					"JucePlugin_Build_AU=0",
					"JucePlugin_Build_AUv3=0",
					"JucePlugin_Build_RTAS=0",
					"JucePlugin_Build_AAX=0",
					"JucePlugin_Build_Standalone=0",
					"JucePlugin_Build_Unity=0",
				);
				GCC_VERSION = com.apple.compilers.llvm.clang.1_0;
				HEADER_SEARCH_PATHS = (
					"$(SRCROOT)/../../JuceLibraryCode",
					"$(HOME)/JUCE/modules",
					"$(inherited)",
				);
				INFOPLIST_FILE = Info-App.plist;
				INFOPLIST_PREPROCESS = NO;
				INSTALL_PATH = "$(HOME)/Applications";
				MACOSX_DEPLOYMENT_TARGET = 10.11;
				MTL_HEADER_SEARCH_PATHS = "$(SRCROOT)/../../JuceLibraryCode $(HOME)/JUCE/modules";
				PRODUCT_BUNDLE_IDENTIFIER = com.JUCE.HelloWorldDemo;
				PRODUCT_NAME = "HelloWorldDemo";
				USE_HEADERMAP = NO;
				VALID_ARCHS = "i386 x86_64 arm64 arm64e";
			};
			name = Debug;
		};
		C373B07372662A4D5B0FD4DC /* Debug */ = {
			isa = XCBuildConfiguration;
			buildSettings = {
				ALWAYS_SEARCH_USER_PATHS = NO;
				CLANG_ENABLE_OBJC_WEAK = YES;
				CLANG_WARN_BLOCK_CAPTURE_AUTORELEASING = YES;
				CLANG_WARN_BOOL_CONVERSION = YES;
				CLANG_WARN_COMMA = YES;
				CLANG_WARN_CONSTANT_CONVERSION = YES;
				CLANG_WARN_DEPRECATED_OBJC_IMPLEMENTATIONS = YES;
				CLANG_WARN_EMPTY_BODY = YES;
				CLANG_WARN_ENUM_CONVERSION = YES;
				CLANG_WARN_INFINITE_RECURSION = YES;
				CLANG_WARN_INT_CONVERSION = YES;
				CLANG_WARN_NON_LITERAL_NULL_CONVERSION = YES;
				CLANG_WARN_OBJC_IMPLICIT_RETAIN_SELF = YES;
				CLANG_WARN_OBJC_LITERAL_CONVERSION = YES;
				CLANG_WARN_RANGE_LOOP_ANALYSIS = YES;
				CLANG_WARN_STRICT_PROTOTYPES = YES;
				CLANG_WARN_SUSPICIOUS_MOVE = YES;
				CLANG_WARN_UNREACHABLE_CODE = YES;
				CLANG_WARN__DUPLICATE_METHOD_MATCH = YES;
				CODE_SIGN_IDENTITY = "";
				DEBUG_INFORMATION_FORMAT = dwarf;
				ENABLE_STRICT_OBJC_MSGSEND = YES;
				ENABLE_TESTABILITY = NO;
				GCC_C_LANGUAGE_STANDARD = c11;
				GCC_INLINES_ARE_PRIVATE_EXTERN = YES;
				GCC_MODEL_TUNING = G5;
				GCC_NO_COMMON_BLOCKS = YES;
				GCC_SYMBOLS_PRIVATE_EXTERN = YES;
				GCC_WARN_64_TO_32_BIT_CONVERSION = YES;
				GCC_WARN_ABOUT_RETURN_TYPE = YES;
				GCC_WARN_CHECK_SWITCH_STATEMENTS = YES;
				GCC_WARN_MISSING_PARENTHESES = YES;
				GCC_WARN_NON_VIRTUAL_DESTRUCTOR = YES;
				GCC_WARN_TYPECHECK_CALLS_TO_PRINTF = YES;
				GCC_WARN_UNDECLARED_SELECTOR = YES;
				GCC_WARN_UNINITIALIZED_AUTOS = YES;
				GCC_WARN_UNUSED_FUNCTION = YES;
				GCC_WARN_UNUSED_VARIABLE = YES;
				ONLY_ACTIVE_ARCH = YES;
				PRODUCT_NAME = "HelloWorldDemo";
				SDKROOT = macosx;
				WARNING_CFLAGS = "-Wreorder";
				ZERO_LINK = NO;
			};
			name = Debug;
		};
/* End XCBuildConfiguration section */

/* Begin XCConfigurationList section */
		576A8E424F3FDA20364BE8FF = {
			isa = XCConfigurationList;
			buildConfigurations = (
				32163F7AD752B45943F132E1,
				C373B07372662A4D5B0FD4DC,
			);
			defaultConfigurationIsVisible = 0;
			defaultConfigurationName = Debug;
		};
		649CC83E1E2A2EB258FE8599 = {
			isa = XCConfigurationList;
			buildConfigurations = (
				C1AC9976F68BB8D15510DDCB,
				48BAC33F2F8FABF83CFBA6D8,
			);
			defaultConfigurationIsVisible = 0;
			defaultConfigurationName = Debug;
		};
/* End XCConfigurationList section */
	};
	rootObject = 4BD4189FEC62010724BAFD51 /* Project object */;
}
